<?xml version="1.0" encoding="utf-8"?>
<Project ToolsVersion="4.0" xmlns="http://schemas.microsoft.com/developer/msbuild/2003">
  <ItemGroup>
    <ClCompile Include="src\client.cpp" />
    <ClCompile Include="src\coregame.cpp" />
    <ClCompile Include="src\game.cpp" />
    <ClCompile Include="src\main.cpp" />
    <ClCompile Include="src\mainmenu.cpp" />
    <ClCompile Include="src\state.cpp" />
    <ClCompile Include="src\state_machine.cpp" />
    <ClCompile Include="src\Drawing.cpp" />
    <ClCompile Include="src\Canvas.cpp" />
    <ClCompile Include="src\ColourPicker.cpp" />
    <ClCompile Include="src\loginstate.cpp" />
    <ClCompile Include="src\chatBox.cpp" />
  </ItemGroup>
  <ItemGroup>
    <ClInclude Include="..\shared\shared_protocol.hpp" />
    <ClInclude Include="src\client.hpp" />
    <ClInclude Include="src\coregame.hpp" />
    <ClInclude Include="src\game.hpp" />
    <ClInclude Include="src\mainmenu.hpp" />
    <ClInclude Include="src\state.hpp" />
    <ClInclude Include="src\state_machine.hpp" />
    <ClInclude Include="src\Drawing.hpp" />
    <ClInclude Include="src\Canvas.hpp" />
    <ClInclude Include="src\ColourPicker.hpp" />
    <ClInclude Include="src\loginstate.hpp" />
    <ClInclude Include="src\chatBox.hpp" />
  </ItemGroup>
</Project>