
Microsoft Visual Studio Solution File, Format Version 12.00
# Visual Studio Version 17
VisualStudioVersion = 17.14.37012.4
MinimumVisualStudioVersion = 10.0.40219.1
Project("{8BC9CEB8-8B4A-11D0-8D11-00A0C91BC942}") = "Client", "Client\Client.vcxproj", "{4B61C45B-F63C-44D6-A6B4-4CAA240B6034}"
EndProject
Project("{8BC9CEB8-8B4A-11D0-8D11-00A0C91BC942}") = "Server", "Server\Server.vcxproj", "{71165E34-50F5-4C9A-A577-D2769EE5C3D6}"
EndProject
Global
	GlobalSection(SolutionConfigurationPlatforms) = preSolution
		Debug|x64 = Debug|x64
		Release|x64 = Release|x64
	EndGlobalSection
	GlobalSection(ProjectConfigurationPlatforms) = postSolution
		{4B61C45B-F63C-44D6-A6B4-4CAA240B6034}.Debug|x64.ActiveCfg = Debug|x64
		{4B61C45B-F63C-44D6-A6B4-4CAA240B6034}.Debug|x64.Build.0 = Debug|x64
		{4B61C45B-F63C-44D6-A6B4-4CAA240B6034}.Release|x64.ActiveCfg = Release|x64
		{4B61C45B-F63C-44D6-A6B4-4CAA240B6034}.Release|x64.Build.0 = Release|x64
		{71165E34-50F5-4C9A-A577-D2769EE5C3D6}.Debug|x64.ActiveCfg = Debug|x64
		{71165E34-50F5-4C9A-A577-D2769EE5C3D6}.Debug|x64.Build.0 = Debug|x64
		{71165E34-50F5-4C9A-A577-D2769EE5C3D6}.Release|x64.ActiveCfg = Release|x64
		{71165E34-50F5-4C9A-A577-D2769EE5C3D6}.Release|x64.Build.0 = Release|x64
	EndGlobalSection
	GlobalSection(SolutionProperties) = preSolution
		HideSolutionNode = FALSE
	EndGlobalSection
	GlobalSection(ExtensibilityGlobals) = postSolution
		SolutionGuid = {FB752126-C55B-4CF4-B926-049FADEF870F}
	EndGlobalSection
EndGlobal
